// !$*UTF8*$!
{
	archiveVersion = 1;
	classes = {
	};
	objectVersion = 55;
	objects = {

/* Begin PBXBuildFile section */
		1815DB2228AD3E3700E637C0 /* AppDelegate.swift in Sources */ = {isa = PBXBuildFile; fileRef = 1815DB2128AD3E3700E637C0 /* AppDelegate.swift */; };
		1815DB2428AD3E3700E637C0 /* SceneDelegate.swift in Sources */ = {isa = PBXBuildFile; fileRef = 1815DB2328AD3E3700E637C0 /* SceneDelegate.swift */; };
		1815DB2628AD3E3700E637C0 /* ViewController.swift in Sources */ = {isa = PBXBuildFile; fileRef = 1815DB2528AD3E3700E637C0 /* ViewController.swift */; };
		1815DB2928AD3E3700E637C0 /* Main.storyboard in Resources */ = {isa = PBXBuildFile; fileRef = 1815DB2728AD3E3700E637C0 /* Main.storyboard */; };
		1815DB2B28AD3E3800E637C0 /* Assets.xcassets in Resources */ = {isa = PBXBuildFile; fileRef = 1815DB2A28AD3E3800E637C0 /* Assets.xcassets */; };
		1815DB2E28AD3E3800E637C0 /* LaunchScreen.storyboard in Resources */ = {isa = PBXBuildFile; fileRef = 1815DB2C28AD3E3800E637C0 /* LaunchScreen.storyboard */; };
		1815DB3928AD3E3800E637C0 /* JsonAppTests.swift in Sources */ = {isa = PBXBuildFile; fileRef = 1815DB3828AD3E3800E637C0 /* JsonAppTests.swift */; };
		1815DB4328AD3E3900E637C0 /* JsonAppUITests.swift in Sources */ = {isa = PBXBuildFile; fileRef = 1815DB4228AD3E3900E637C0 /* JsonAppUITests.swift */; };
		1815DB4528AD3E3900E637C0 /* JsonAppUITestsLaunchTests.swift in Sources */ = {isa = PBXBuildFile; fileRef = 1815DB4428AD3E3900E637C0 /* JsonAppUITestsLaunchTests.swift */; };
		1815DB5228AD3F9C00E637C0 /* ContentTableViewCell.swift in Sources */ = {isa = PBXBuildFile; fileRef = 1815DB5128AD3F9C00E637C0 /* ContentTableViewCell.swift */; };
		1820D03728AE19C000CF0E7A /* JsonModel.swift in Sources */ = {isa = PBXBuildFile; fileRef = 1820D03628AE19C000CF0E7A /* JsonModel.swift */; };
		1820D03928AE1D3E00CF0E7A /* WebServices.swift in Sources */ = {isa = PBXBuildFile; fileRef = 1820D03828AE1D3E00CF0E7A /* WebServices.swift */; };
		1820D03B28AE2D4400CF0E7A /* JsonViewModel.swift in Sources */ = {isa = PBXBuildFile; fileRef = 1820D03A28AE2D4400CF0E7A /* JsonViewModel.swift */; };
/* End PBXBuildFile section */

/* Begin PBXContainerItemProxy section */
		1815DB3528AD3E3800E637C0 /* PBXContainerItemProxy */ = {
			isa = PBXContainerItemProxy;
			containerPortal = 1815DB1628AD3E3600E637C0 /* Project object */;
			proxyType = 1;
			remoteGlobalIDString = 1815DB1D28AD3E3700E637C0;
			remoteInfo = JsonApp;
		};
		1815DB3F28AD3E3900E637C0 /* PBXContainerItemProxy */ = {
			isa = PBXContainerItemProxy;
			containerPortal = 1815DB1628AD3E3600E637C0 /* Project object */;
			proxyType = 1;
			remoteGlobalIDString = 1815DB1D28AD3E3700E637C0;
			remoteInfo = JsonApp;
		};
/* End PBXContainerItemProxy section */

/* Begin PBXFileReference section */
		1815DB1E28AD3E3700E637C0 /* JsonApp.app */ = {isa = PBXFileReference; explicitFileType = wrapper.application; includeInIndex = 0; path = JsonApp.app; sourceTree = BUILT_PRODUCTS_DIR; };
		1815DB2128AD3E3700E637C0 /* AppDelegate.swift */ = {isa = PBXFileReference; lastKnownFileType = sourcecode.swift; path = AppDelegate.swift; sourceTree = "<group>"; };
		1815DB2328AD3E3700E637C0 /* SceneDelegate.swift */ = {isa = PBXFileReference; lastKnownFileType = sourcecode.swift; path = SceneDelegate.swift; sourceTree = "<group>"; };
		1815DB2528AD3E3700E637C0 /* ViewController.swift */ = {isa = PBXFileReference; lastKnownFileType = sourcecode.swift; path = ViewController.swift; sourceTree = "<group>"; };
		1815DB2828AD3E3700E637C0 /* Base */ = {isa = PBXFileReference; lastKnownFileType = file.storyboard; name = Base; path = Base.lproj/Main.storyboard; sourceTree = "<group>"; };
		1815DB2A28AD3E3800E637C0 /* Assets.xcassets */ = {isa = PBXFileReference; lastKnownFileType = folder.assetcatalog; path = Assets.xcassets; sourceTree = "<group>"; };
		1815DB2D28AD3E3800E637C0 /* Base */ = {isa = PBXFileReference; lastKnownFileType = file.storyboard; name = Base; path = Base.lproj/LaunchScreen.storyboard; sourceTree = "<group>"; };
		1815DB2F28AD3E3800E637C0 /* Info.plist */ = {isa = PBXFileReference; lastKnownFileType = text.plist.xml; path = Info.plist; sourceTree = "<group>"; };
		1815DB3428AD3E3800E637C0 /* JsonAppTests.xctest */ = {isa = PBXFileReference; explicitFileType = wrapper.cfbundle; includeInIndex = 0; path = JsonAppTests.xctest; sourceTree = BUILT_PRODUCTS_DIR; };
		1815DB3828AD3E3800E637C0 /* JsonAppTests.swift */ = {isa = PBXFileReference; lastKnownFileType = sourcecode.swift; path = JsonAppTests.swift; sourceTree = "<group>"; };
		1815DB3E28AD3E3900E637C0 /* JsonAppUITests.xctest */ = {isa = PBXFileReference; explicitFileType = wrapper.cfbundle; includeInIndex = 0; path = JsonAppUITests.xctest; sourceTree = BUILT_PRODUCTS_DIR; };
		1815DB4228AD3E3900E637C0 /* JsonAppUITests.swift */ = {isa = PBXFileReference; lastKnownFileType = sourcecode.swift; path = JsonAppUITests.swift; sourceTree = "<group>"; };
		1815DB4428AD3E3900E637C0 /* JsonAppUITestsLaunchTests.swift */ = {isa = PBXFileReference; lastKnownFileType = sourcecode.swift; path = JsonAppUITestsLaunchTests.swift; sourceTree = "<group>"; };
		1815DB5128AD3F9C00E637C0 /* ContentTableViewCell.swift */ = {isa = PBXFileReference; lastKnownFileType = sourcecode.swift; path = ContentTableViewCell.swift; sourceTree = "<group>"; };
		1820D03628AE19C000CF0E7A /* JsonModel.swift */ = {isa = PBXFileReference; lastKnownFileType = sourcecode.swift; path = JsonModel.swift; sourceTree = "<group>"; };
		1820D03828AE1D3E00CF0E7A /* WebServices.swift */ = {isa = PBXFileReference; lastKnownFileType = sourcecode.swift; path = WebServices.swift; sourceTree = "<group>"; };
		1820D03A28AE2D4400CF0E7A /* JsonViewModel.swift */ = {isa = PBXFileReference; lastKnownFileType = sourcecode.swift; path = JsonViewModel.swift; sourceTree = "<group>"; };
/* End PBXFileReference section */

/* Begin PBXFrameworksBuildPhase section */
		1815DB1B28AD3E3700E637C0 /* Frameworks */ = {
			isa = PBXFrameworksBuildPhase;
			buildActionMask = 2147483647;
			files = (
			);
			runOnlyForDeploymentPostprocessing = 0;
		};
		1815DB3128AD3E3800E637C0 /* Frameworks */ = {
			isa = PBXFrameworksBuildPhase;
			buildActionMask = 2147483647;
			files = (
			);
			runOnlyForDeploymentPostprocessing = 0;
		};
		1815DB3B28AD3E3900E637C0 /* Frameworks */ = {
			isa = PBXFrameworksBuildPhase;
			buildActionMask = 2147483647;
			files = (
			);
			runOnlyForDeploymentPostprocessing = 0;
		};
/* End PBXFrameworksBuildPhase section */

/* Begin PBXGroup section */
		1815DB1528AD3E3600E637C0 = {
			isa = PBXGroup;
			children = (
				1815DB2028AD3E3700E637C0 /* JsonApp */,
				1815DB3728AD3E3800E637C0 /* JsonAppTests */,
				1815DB4128AD3E3900E637C0 /* JsonAppUITests */,
				1815DB1F28AD3E3700E637C0 /* Products */,
			);
			sourceTree = "<group>";
		};
		1815DB1F28AD3E3700E637C0 /* Products */ = {
			isa = PBXGroup;
			children = (
				1815DB1E28AD3E3700E637C0 /* JsonApp.app */,
				1815DB3428AD3E3800E637C0 /* JsonAppTests.xctest */,
				1815DB3E28AD3E3900E637C0 /* JsonAppUITests.xctest */,
			);
			name = Products;
			sourceTree = "<group>";
		};
		1815DB2028AD3E3700E637C0 /* JsonApp */ = {
			isa = PBXGroup;
			children = (
				1820D03528AE199600CF0E7A /* services */,
				1820D03328AE198B00CF0E7A /* viewModel */,
				1820D03228AE198700CF0E7A /* model */,
				1820D03128AE198200CF0E7A /* view */,
				1815DB2728AD3E3700E637C0 /* Main.storyboard */,
				1815DB2A28AD3E3800E637C0 /* Assets.xcassets */,
				1815DB2C28AD3E3800E637C0 /* LaunchScreen.storyboard */,
				1815DB2F28AD3E3800E637C0 /* Info.plist */,
			);
			path = JsonApp;
			sourceTree = "<group>";
		};
		1815DB3728AD3E3800E637C0 /* JsonAppTests */ = {
			isa = PBXGroup;
			children = (
				1815DB3828AD3E3800E637C0 /* JsonAppTests.swift */,
			);
			path = JsonAppTests;
			sourceTree = "<group>";
		};
		1815DB4128AD3E3900E637C0 /* JsonAppUITests */ = {
			isa = PBXGroup;
			children = (
				1815DB4228AD3E3900E637C0 /* JsonAppUITests.swift */,
				1815DB4428AD3E3900E637C0 /* JsonAppUITestsLaunchTests.swift */,
			);
			path = JsonAppUITests;
			sourceTree = "<group>";
		};
		1820D03128AE198200CF0E7A /* view */ = {
			isa = PBXGroup;
			children = (
				1815DB2128AD3E3700E637C0 /* AppDelegate.swift */,
				1815DB2328AD3E3700E637C0 /* SceneDelegate.swift */,
				1815DB2528AD3E3700E637C0 /* ViewController.swift */,
				1815DB5128AD3F9C00E637C0 /* ContentTableViewCell.swift */,
			);
			path = view;
			sourceTree = "<group>";
		};
		1820D03228AE198700CF0E7A /* model */ = {
			isa = PBXGroup;
			children = (
				1820D03628AE19C000CF0E7A /* JsonModel.swift */,
			);
			path = model;
			sourceTree = "<group>";
		};
		1820D03328AE198B00CF0E7A /* viewModel */ = {
			isa = PBXGroup;
			children = (
				1820D03A28AE2D4400CF0E7A /* JsonViewModel.swift */,
			);
			path = viewModel;
			sourceTree = "<group>";
		};
		1820D03528AE199600CF0E7A /* services */ = {
			isa = PBXGroup;
			children = (
				1820D03828AE1D3E00CF0E7A /* WebServices.swift */,
			);
			path = services;
			sourceTree = "<group>";
		};
/* End PBXGroup section */

/* Begin PBXNativeTarget section */
		1815DB1D28AD3E3700E637C0 /* JsonApp */ = {
			isa = PBXNativeTarget;
			buildConfigurationList = 1815DB4828AD3E3900E637C0 /* Build configuration list for PBXNativeTarget "JsonApp" */;
			buildPhases = (
				1815DB1A28AD3E3700E637C0 /* Sources */,
				1815DB1B28AD3E3700E637C0 /* Frameworks */,
				1815DB1C28AD3E3700E637C0 /* Resources */,
			);
			buildRules = (
			);
			dependencies = (
			);
			name = JsonApp;
			productName = JsonApp;
			productReference = 1815DB1E28AD3E3700E637C0 /* JsonApp.app */;
			productType = "com.apple.product-type.application";
		};
		1815DB3328AD3E3800E637C0 /* JsonAppTests */ = {
			isa = PBXNativeTarget;
			buildConfigurationList = 1815DB4B28AD3E3900E637C0 /* Build configuration list for PBXNativeTarget "JsonAppTests" */;
			buildPhases = (
				1815DB3028AD3E3800E637C0 /* Sources */,
				1815DB3128AD3E3800E637C0 /* Frameworks */,
				1815DB3228AD3E3800E637C0 /* Resources */,
			);
			buildRules = (
			);
			dependencies = (
				1815DB3628AD3E3800E637C0 /* PBXTargetDependency */,
			);
			name = JsonAppTests;
			productName = JsonAppTests;
			productReference = 1815DB3428AD3E3800E637C0 /* JsonAppTests.xctest */;
			productType = "com.apple.product-type.bundle.unit-test";
		};
		1815DB3D28AD3E3900E637C0 /* JsonAppUITests */ = {
			isa = PBXNativeTarget;
			buildConfigurationList = 1815DB4E28AD3E3900E637C0 /* Build configuration list for PBXNativeTarget "JsonAppUITests" */;
			buildPhases = (
				1815DB3A28AD3E3900E637C0 /* Sources */,
				1815DB3B28AD3E3900E637C0 /* Frameworks */,
				1815DB3C28AD3E3900E637C0 /* Resources */,
			);
			buildRules = (
			);
			dependencies = (
				1815DB4028AD3E3900E637C0 /* PBXTargetDependency */,
			);
			name = JsonAppUITests;
			productName = JsonAppUITests;
			productReference = 1815DB3E28AD3E3900E637C0 /* JsonAppUITests.xctest */;
			productType = "com.apple.product-type.bundle.ui-testing";
		};
/* End PBXNativeTarget section */

/* Begin PBXProject section */
		1815DB1628AD3E3600E637C0 /* Project object */ = {
			isa = PBXProject;
			attributes = {
				BuildIndependentTargetsInParallel = 1;
				LastSwiftUpdateCheck = 1340;
				LastUpgradeCheck = 1340;
				TargetAttributes = {
					1815DB1D28AD3E3700E637C0 = {
						CreatedOnToolsVersion = 13.4.1;
					};
					1815DB3328AD3E3800E637C0 = {
						CreatedOnToolsVersion = 13.4.1;
						TestTargetID = 1815DB1D28AD3E3700E637C0;
					};
					1815DB3D28AD3E3900E637C0 = {
						CreatedOnToolsVersion = 13.4.1;
						TestTargetID = 1815DB1D28AD3E3700E637C0;
					};
				};
			};
			buildConfigurationList = 1815DB1928AD3E3600E637C0 /* Build configuration list for PBXProject "JsonApp" */;
			compatibilityVersion = "Xcode 13.0";
			developmentRegion = en;
			hasScannedForEncodings = 0;
			knownRegions = (
				en,
				Base,
			);
			mainGroup = 1815DB1528AD3E3600E637C0;
			productRefGroup = 1815DB1F28AD3E3700E637C0 /* Products */;
			projectDirPath = "";
			projectRoot = "";
			targets = (
				1815DB1D28AD3E3700E637C0 /* JsonApp */,
				1815DB3328AD3E3800E637C0 /* JsonAppTests */,
				1815DB3D28AD3E3900E637C0 /* JsonAppUITests */,
			);
		};
/* End PBXProject section */

/* Begin PBXResourcesBuildPhase section */
		1815DB1C28AD3E3700E637C0 /* Resources */ = {
			isa = PBXResourcesBuildPhase;
			buildActionMask = 2147483647;
			files = (
				1815DB2E28AD3E3800E637C0 /* LaunchScreen.storyboard in Resources */,
				1815DB2B28AD3E3800E637C0 /* Assets.xcassets in Resources */,
				1815DB2928AD3E3700E637C0 /* Main.storyboard in Resources */,
			);
			runOnlyForDeploymentPostprocessing = 0;
		};
		1815DB3228AD3E3800E637C0 /* Resources */ = {
			isa = PBXResourcesBuildPhase;
			buildActionMask = 2147483647;
			files = (
			);
			runOnlyForDeploymentPostprocessing = 0;
		};
		1815DB3C28AD3E3900E637C0 /* Resources */ = {
			isa = PBXResourcesBuildPhase;
			buildActionMask = 2147483647;
			files = (
			);
			runOnlyForDeploymentPostprocessing = 0;
		};
/* End PBXResourcesBuildPhase section */

/* Begin PBXSourcesBuildPhase section */
		1815DB1A28AD3E3700E637C0 /* Sources */ = {
			isa = PBXSourcesBuildPhase;
			buildActionMask = 2147483647;
			files = (
				1820D03728AE19C000CF0E7A /* JsonModel.swift in Sources */,
				1815DB2628AD3E3700E637C0 /* ViewController.swift in Sources */,
				1820D03B28AE2D4400CF0E7A /* JsonViewModel.swift in Sources */,
				1820D03928AE1D3E00CF0E7A /* WebServices.swift in Sources */,
				1815DB2228AD3E3700E637C0 /* AppDelegate.swift in Sources */,
				1815DB2428AD3E3700E637C0 /* SceneDelegate.swift in Sources */,
				1815DB5228AD3F9C00E637C0 /* ContentTableViewCell.swift in Sources */,
			);
			runOnlyForDeploymentPostprocessing = 0;
		};
		1815DB3028AD3E3800E637C0 /* Sources */ = {
			isa = PBXSourcesBuildPhase;
			buildActionMask = 2147483647;
			files = (
				1815DB3928AD3E3800E637C0 /* JsonAppTests.swift in Sources */,
			);
			runOnlyForDeploymentPostprocessing = 0;
		};
		1815DB3A28AD3E3900E637C0 /* Sources */ = {
			isa = PBXSourcesBuildPhase;
			buildActionMask = 2147483647;
			files = (
				1815DB4528AD3E3900E637C0 /* JsonAppUITestsLaunchTests.swift in Sources */,
				1815DB4328AD3E3900E637C0 /* JsonAppUITests.swift in Sources */,
			);
			runOnlyForDeploymentPostprocessing = 0;
		};
/* End PBXSourcesBuildPhase section */

/* Begin PBXTargetDependency section */
		1815DB3628AD3E3800E637C0 /* PBXTargetDependency */ = {
			isa = PBXTargetDependency;
			target = 1815DB1D28AD3E3700E637C0 /* JsonApp */;
			targetProxy = 1815DB3528AD3E3800E637C0 /* PBXContainerItemProxy */;
		};
		1815DB4028AD3E3900E637C0 /* PBXTargetDependency */ = {
			isa = PBXTargetDependency;
			target = 1815DB1D28AD3E3700E637C0 /* JsonApp */;
			targetProxy = 1815DB3F28AD3E3900E637C0 /* PBXContainerItemProxy */;
		};
/* End PBXTargetDependency section */

/* Begin PBXVariantGroup section */
		1815DB2728AD3E3700E637C0 /* Main.storyboard */ = {
			isa = PBXVariantGroup;
			children = (
				1815DB2828AD3E3700E637C0 /* Base */,
			);
			name = Main.storyboard;
			sourceTree = "<group>";
		};
		1815DB2C28AD3E3800E637C0 /* LaunchScreen.storyboard */ = {
			isa = PBXVariantGroup;
			children = (
				1815DB2D28AD3E3800E637C0 /* Base */,
			);
			name = LaunchScreen.storyboard;
			sourceTree = "<group>";
		};
/* End PBXVariantGroup section */

/* Begin XCBuildConfiguration section */
		1815DB4628AD3E3900E637C0 /* Debug */ = {
			isa = XCBuildConfiguration;
			buildSettings = {
				ALWAYS_SEARCH_USER_PATHS = NO;
				CLANG_ANALYZER_NONNULL = YES;
				CLANG_ANALYZER_NUMBER_OBJECT_CONVERSION = YES_AGGRESSIVE;
				CLANG_CXX_LANGUAGE_STANDARD = "gnu++17";
				CLANG_ENABLE_MODULES = YES;
				CLANG_ENABLE_OBJC_ARC = YES;
				CLANG_ENABLE_OBJC_WEAK = YES;
				CLANG_WARN_BLOCK_CAPTURE_AUTORELEASING = YES;
				CLANG_WARN_BOOL_CONVERSION = YES;
				CLANG_WARN_COMMA = YES;
				CLANG_WARN_CONSTANT_CONVERSION = YES;
				CLANG_WARN_DEPRECATED_OBJC_IMPLEMENTATIONS = YES;
				CLANG_WARN_DIRECT_OBJC_ISA_USAGE = YES_ERROR;
				CLANG_WARN_DOCUMENTATION_COMMENTS = YES;
				CLANG_WARN_EMPTY_BODY = YES;
				CLANG_WARN_ENUM_CONVERSION = YES;
				CLANG_WARN_INFINITE_RECURSION = YES;
				CLANG_WARN_INT_CONVERSION = YES;
				CLANG_WARN_NON_LITERAL_NULL_CONVERSION = YES;
				CLANG_WARN_OBJC_IMPLICIT_RETAIN_SELF = YES;
				CLANG_WARN_OBJC_LITERAL_CONVERSION = YES;
				CLANG_WARN_OBJC_ROOT_CLASS = YES_ERROR;
				CLANG_WARN_QUOTED_INCLUDE_IN_FRAMEWORK_HEADER = YES;
				CLANG_WARN_RANGE_LOOP_ANALYSIS = YES;
				CLANG_WARN_STRICT_PROTOTYPES = YES;
				CLANG_WARN_SUSPICIOUS_MOVE = YES;
				CLANG_WARN_UNGUARDED_AVAILABILITY = YES_AGGRESSIVE;
				CLANG_WARN_UNREACHABLE_CODE = YES;
				CLANG_WARN__DUPLICATE_METHOD_MATCH = YES;
				COPY_PHASE_STRIP = NO;
				DEBUG_INFORMATION_FORMAT = dwarf;
				ENABLE_STRICT_OBJC_MSGSEND = YES;
				ENABLE_TESTABILITY = YES;
				GCC_C_LANGUAGE_STANDARD = gnu11;
				GCC_DYNAMIC_NO_PIC = NO;
				GCC_NO_COMMON_BLOCKS = YES;
				GCC_OPTIMIZATION_LEVEL = 0;
				GCC_PREPROCESSOR_DEFINITIONS = (
					"DEBUG=1",
					"$(inherited)",
				);
				GCC_WARN_64_TO_32_BIT_CONVERSION = YES;
				GCC_WARN_ABOUT_RETURN_TYPE = YES_ERROR;
				GCC_WARN_UNDECLARED_SELECTOR = YES;
				GCC_WARN_UNINITIALIZED_AUTOS = YES_AGGRESSIVE;
				GCC_WARN_UNUSED_FUNCTION = YES;
				GCC_WARN_UNUSED_VARIABLE = YES;
				IPHONEOS_DEPLOYMENT_TARGET = 15.5;
				MTL_ENABLE_DEBUG_INFO = INCLUDE_SOURCE;
				MTL_FAST_MATH = YES;
				ONLY_ACTIVE_ARCH = YES;
				SDKROOT = iphoneos;
				SWIFT_ACTIVE_COMPILATION_CONDITIONS = DEBUG;
				SWIFT_OPTIMIZATION_LEVEL = "-Onone";
			};
			name = Debug;
		};
		1815DB4728AD3E3900E637C0 /* Release */ = {
			isa = XCBuildConfiguration;
			buildSettings = {
				ALWAYS_SEARCH_USER_PATHS = NO;
				CLANG_ANALYZER_NONNULL = YES;
				CLANG_ANALYZER_NUMBER_OBJECT_CONVERSION = YES_AGGRESSIVE;
				CLANG_CXX_LANGUAGE_STANDARD = "gnu++17";
				CLANG_ENABLE_MODULES = YES;
				CLANG_ENABLE_OBJC_ARC = YES;
				CLANG_ENABLE_OBJC_WEAK = YES;
				CLANG_WARN_BLOCK_CAPTURE_AUTORELEASING = YES;
				CLANG_WARN_BOOL_CONVERSION = YES;
				CLANG_WARN_COMMA = YES;
				CLANG_WARN_CONSTANT_CONVERSION = YES;
				CLANG_WARN_DEPRECATED_OBJC_IMPLEMENTATIONS = YES;
				CLANG_WARN_DIRECT_OBJC_ISA_USAGE = YES_ERROR;
				CLANG_WARN_DOCUMENTATION_COMMENTS = YES;
				CLANG_WARN_EMPTY_BODY = YES;
				CLANG_WARN_ENUM_CONVERSION = YES;
				CLANG_WARN_INFINITE_RECURSION = YES;
				CLANG_WARN_INT_CONVERSION = YES;
				CLANG_WARN_NON_LITERAL_NULL_CONVERSION = YES;
				CLANG_WARN_OBJC_IMPLICIT_RETAIN_SELF = YES;
				CLANG_WARN_OBJC_LITERAL_CONVERSION = YES;
				CLANG_WARN_OBJC_ROOT_CLASS = YES_ERROR;
				CLANG_WARN_QUOTED_INCLUDE_IN_FRAMEWORK_HEADER = YES;
				CLANG_WARN_RANGE_LOOP_ANALYSIS = YES;
				CLANG_WARN_STRICT_PROTOTYPES = YES;
				CLANG_WARN_SUSPICIOUS_MOVE = YES;
				CLANG_WARN_UNGUARDED_AVAILABILITY = YES_AGGRESSIVE;
				CLANG_WARN_UNREACHABLE_CODE = YES;
				CLANG_WARN__DUPLICATE_METHOD_MATCH = YES;
				COPY_PHASE_STRIP = NO;
				DEBUG_INFORMATION_FORMAT = "dwarf-with-dsym";
				ENABLE_NS_ASSERTIONS = NO;
				ENABLE_STRICT_OBJC_MSGSEND = YES;
				GCC_C_LANGUAGE_STANDARD = gnu11;
				GCC_NO_COMMON_BLOCKS = YES;
				GCC_WARN_64_TO_32_BIT_CONVERSION = YES;
				GCC_WARN_ABOUT_RETURN_TYPE = YES_ERROR;
				GCC_WARN_UNDECLARED_SELECTOR = YES;
				GCC_WARN_UNINITIALIZED_AUTOS = YES_AGGRESSIVE;
				GCC_WARN_UNUSED_FUNCTION = YES;
				GCC_WARN_UNUSED_VARIABLE = YES;
				IPHONEOS_DEPLOYMENT_TARGET = 15.5;
				MTL_ENABLE_DEBUG_INFO = NO;
				MTL_FAST_MATH = YES;
				SDKROOT = iphoneos;
				SWIFT_COMPILATION_MODE = wholemodule;
				SWIFT_OPTIMIZATION_LEVEL = "-O";
				VALIDATE_PRODUCT = YES;
			};
			name = Release;
		};
		1815DB4928AD3E3900E637C0 /* Debug */ = {
			isa = XCBuildConfiguration;
			buildSettings = {
				ASSETCATALOG_COMPILER_APPICON_NAME = AppIcon;
				ASSETCATALOG_COMPILER_GLOBAL_ACCENT_COLOR_NAME = AccentColor;
				CODE_SIGN_STYLE = Automatic;
				CURRENT_PROJECT_VERSION = 1;
				DEVELOPMENT_TEAM = 6DV7YZY2XY;
				GENERATE_INFOPLIST_FILE = YES;
				INFOPLIST_FILE = JsonApp/Info.plist;
				INFOPLIST_KEY_UIApplicationSupportsIndirectInputEvents = YES;
				INFOPLIST_KEY_UILaunchStoryboardName = LaunchScreen;
				INFOPLIST_KEY_UIMainStoryboardFile = Main;
				INFOPLIST_KEY_UISupportedInterfaceOrientations_iPad = "UIInterfaceOrientationPortrait UIInterfaceOrientationPortraitUpsideDown UIInterfaceOrientationLandscapeLeft UIInterfaceOrientationLandscapeRight";
				INFOPLIST_KEY_UISupportedInterfaceOrientations_iPhone = "UIInterfaceOrientationPortrait UIInterfaceOrientationLandscapeLeft UIInterfaceOrientationLandscapeRight";
				LD_RUNPATH_SEARCH_PATHS = (
					"$(inherited)",
					"@executable_path/Frameworks",
				);
				MARKETING_VERSION = 1.0;
				PRODUCT_BUNDLE_IDENTIFIER = com.metinemre.JsonApp;
				PRODUCT_NAME = "$(TARGET_NAME)";
				SWIFT_EMIT_LOC_STRINGS = YES;
				SWIFT_VERSION = 5.0;
				TARGETED_DEVICE_FAMILY = "1,2";
			};
			name = Debug;
		};
		1815DB4A28AD3E3900E637C0 /* Release */ = {
			isa = XCBuildConfiguration;
			buildSettings = {
				ASSETCATALOG_COMPILER_APPICON_NAME = AppIcon;
				ASSETCATALOG_COMPILER_GLOBAL_ACCENT_COLOR_NAME = AccentColor;
				CODE_SIGN_STYLE = Automatic;
				CURRENT_PROJECT_VERSION = 1;
				DEVELOPMENT_TEAM = 6DV7YZY2XY;
				GENERATE_INFOPLIST_FILE = YES;
				INFOPLIST_FILE = JsonApp/Info.plist;
				INFOPLIST_KEY_UIApplicationSupportsIndirectInputEvents = YES;
				INFOPLIST_KEY_UILaunchStoryboardName = LaunchScreen;
				INFOPLIST_KEY_UIMainStoryboardFile = Main;
				INFOPLIST_KEY_UISupportedInterfaceOrientations_iPad = "UIInterfaceOrientationPortrait UIInterfaceOrientationPortraitUpsideDown UIInterfaceOrientationLandscapeLeft UIInterfaceOrientationLandscapeRight";
				INFOPLIST_KEY_UISupportedInterfaceOrientations_iPhone = "UIInterfaceOrientationPortrait UIInterfaceOrientationLandscapeLeft UIInterfaceOrientationLandscapeRight";
				LD_RUNPATH_SEARCH_PATHS = (
					"$(inherited)",
					"@executable_path/Frameworks",
				);
				MARKETING_VERSION = 1.0;
				PRODUCT_BUNDLE_IDENTIFIER = com.metinemre.JsonApp;
				PRODUCT_NAME = "$(TARGET_NAME)";
				SWIFT_EMIT_LOC_STRINGS = YES;
				SWIFT_VERSION = 5.0;
				TARGETED_DEVICE_FAMILY = "1,2";
			};
			name = Release;
		};
		1815DB4C28AD3E3900E637C0 /* Debug */ = {
			isa = XCBuildConfiguration;
			buildSettings = {
				ALWAYS_EMBED_SWIFT_STANDARD_LIBRARIES = YES;
				BUNDLE_LOADER = "$(TEST_HOST)";
				CODE_SIGN_STYLE = Automatic;
				CURRENT_PROJECT_VERSION = 1;
				DEVELOPMENT_TEAM = 6DV7YZY2XY;
				GENERATE_INFOPLIST_FILE = YES;
				IPHONEOS_DEPLOYMENT_TARGET = 15.5;
				MARKETING_VERSION = 1.0;
				PRODUCT_BUNDLE_IDENTIFIER = com.metinemre.JsonAppTests;
				PRODUCT_NAME = "$(TARGET_NAME)";
				SWIFT_EMIT_LOC_STRINGS = NO;
				SWIFT_VERSION = 5.0;
				TARGETED_DEVICE_FAMILY = "1,2";
				TEST_HOST = "$(BUILT_PRODUCTS_DIR)/JsonApp.app/JsonApp";
			};
			name = Debug;
		};
		1815DB4D28AD3E3900E637C0 /* Release */ = {
			isa = XCBuildConfiguration;
			buildSettings = {
				ALWAYS_EMBED_SWIFT_STANDARD_LIBRARIES = YES;
				BUNDLE_LOADER = "$(TEST_HOST)";
				CODE_SIGN_STYLE = Automatic;
				CURRENT_PROJECT_VERSION = 1;
				DEVELOPMENT_TEAM = 6DV7YZY2XY;
				GENERATE_INFOPLIST_FILE = YES;
				IPHONEOS_DEPLOYMENT_TARGET = 15.5;
				MARKETING_VERSION = 1.0;
				PRODUCT_BUNDLE_IDENTIFIER = com.metinemre.JsonAppTests;
				PRODUCT_NAME = "$(TARGET_NAME)";
				SWIFT_EMIT_LOC_STRINGS = NO;
				SWIFT_VERSION = 5.0;
				TARGETED_DEVICE_FAMILY = "1,2";
				TEST_HOST = "$(BUILT_PRODUCTS_DIR)/JsonApp.app/JsonApp";
			};
			name = Release;
		};
		1815DB4F28AD3E3900E637C0 /* Debug */ = {
			isa = XCBuildConfiguration;
			buildSettings = {
				ALWAYS_EMBED_SWIFT_STANDARD_LIBRARIES = YES;
				CODE_SIGN_STYLE = Automatic;
				CURRENT_PROJECT_VERSION = 1;
				DEVELOPMENT_TEAM = 6DV7YZY2XY;
				GENERATE_INFOPLIST_FILE = YES;
				MARKETING_VERSION = 1.0;
				PRODUCT_BUNDLE_IDENTIFIER = com.metinemre.JsonAppUITests;
				PRODUCT_NAME = "$(TARGET_NAME)";
				SWIFT_EMIT_LOC_STRINGS = NO;
				SWIFT_VERSION = 5.0;
				TARGETED_DEVICE_FAMILY = "1,2";
				TEST_TARGET_NAME = JsonApp;
			};
			name = Debug;
		};
		1815DB5028AD3E3900E637C0 /* Release */ = {
			isa = XCBuildConfiguration;
			buildSettings = {
				ALWAYS_EMBED_SWIFT_STANDARD_LIBRARIES = YES;
				CODE_SIGN_STYLE = Automatic;
				CURRENT_PROJECT_VERSION = 1;
				DEVELOPMENT_TEAM = 6DV7YZY2XY;
				GENERATE_INFOPLIST_FILE = YES;
				MARKETING_VERSION = 1.0;
				PRODUCT_BUNDLE_IDENTIFIER = com.metinemre.JsonAppUITests;
				PRODUCT_NAME = "$(TARGET_NAME)";
				SWIFT_EMIT_LOC_STRINGS = NO;
				SWIFT_VERSION = 5.0;
				TARGETED_DEVICE_FAMILY = "1,2";
				TEST_TARGET_NAME = JsonApp;
			};
			name = Release;
		};
/* End XCBuildConfiguration section */

/* Begin XCConfigurationList section */
		1815DB1928AD3E3600E637C0 /* Build configuration list for PBXProject "JsonApp" */ = {
			isa = XCConfigurationList;
			buildConfigurations = (
				1815DB4628AD3E3900E637C0 /* Debug */,
				1815DB4728AD3E3900E637C0 /* Release */,
			);
			defaultConfigurationIsVisible = 0;
			defaultConfigurationName = Release;
		};
		1815DB4828AD3E3900E637C0 /* Build configuration list for PBXNativeTarget "JsonApp" */ = {
			isa = XCConfigurationList;
			buildConfigurations = (
				1815DB4928AD3E3900E637C0 /* Debug */,
				1815DB4A28AD3E3900E637C0 /* Release */,
			);
			defaultConfigurationIsVisible = 0;
			defaultConfigurationName = Release;
		};
		1815DB4B28AD3E3900E637C0 /* Build configuration list for PBXNativeTarget "JsonAppTests" */ = {
			isa = XCConfigurationList;
			buildConfigurations = (
				1815DB4C28AD3E3900E637C0 /* Debug */,
				1815DB4D28AD3E3900E637C0 /* Release */,
			);
			defaultConfigurationIsVisible = 0;
			defaultConfigurationName = Release;
		};
		1815DB4E28AD3E3900E637C0 /* Build configuration list for PBXNativeTarget "JsonAppUITests" */ = {
			isa = XCConfigurationList;
			buildConfigurations = (
				1815DB4F28AD3E3900E637C0 /* Debug */,
				1815DB5028AD3E3900E637C0 /* Release */,
			);
			defaultConfigurationIsVisible = 0;
			defaultConfigurationName = Release;
		};
/* End XCConfigurationList section */
	};
	rootObject = 1815DB1628AD3E3600E637C0 /* Project object */;
}
